// !$*UTF8*$!
{
	archiveVersion = 1;
	classes = {
	};
	objectVersion = 56;
	objects = {

/* Begin PBXBuildFile section */
		F51DE0482AA95570000E744D /* StatisticsView.swift in Sources */ = {isa = PBXBuildFile; fileRef = F51DE0472AA95570000E744D /* StatisticsView.swift */; };
		F52AC9F62AA857DB007114EC /* NewFishView.swift in Sources */ = {isa = PBXBuildFile; fileRef = F52AC9F52AA857DB007114EC /* NewFishView.swift */; };
		F52AC9FA2AA86BBA007114EC /* NewFishEnums.swift in Sources */ = {isa = PBXBuildFile; fileRef = F52AC9F92AA86BBA007114EC /* NewFishEnums.swift */; };
		F52ACA002AA9083D007114EC /* BaitSubView.swift in Sources */ = {isa = PBXBuildFile; fileRef = F52AC9FF2AA9083D007114EC /* BaitSubView.swift */; };
		F52ACA022AA908A9007114EC /* SpeciesSubView.swift in Sources */ = {isa = PBXBuildFile; fileRef = F52ACA012AA908A9007114EC /* SpeciesSubView.swift */; };
		F52ACA042AA920AA007114EC /* LengthSubView.swift in Sources */ = {isa = PBXBuildFile; fileRef = F52ACA032AA920AA007114EC /* LengthSubView.swift */; };
		F52ACA062AA9423B007114EC /* WeightSubView.swift in Sources */ = {isa = PBXBuildFile; fileRef = F52ACA052AA9423B007114EC /* WeightSubView.swift */; };
		F52ACA0A2AA948A2007114EC /* WaterConditionSubView.swift in Sources */ = {isa = PBXBuildFile; fileRef = F52ACA092AA948A2007114EC /* WaterConditionSubView.swift */; };
		F56C6B9B2AA7A63F00EBCDAA /* FishFolioApp.swift in Sources */ = {isa = PBXBuildFile; fileRef = F56C6B9A2AA7A63F00EBCDAA /* FishFolioApp.swift */; };
		F56C6B9D2AA7A63F00EBCDAA /* MainView.swift in Sources */ = {isa = PBXBuildFile; fileRef = F56C6B9C2AA7A63F00EBCDAA /* MainView.swift */; };
		F56C6B9F2AA7A64000EBCDAA /* Assets.xcassets in Resources */ = {isa = PBXBuildFile; fileRef = F56C6B9E2AA7A64000EBCDAA /* Assets.xcassets */; };
		F56C6BA22AA7A64000EBCDAA /* Preview Assets.xcassets in Resources */ = {isa = PBXBuildFile; fileRef = F56C6BA12AA7A64000EBCDAA /* Preview Assets.xcassets */; };
		F56C6BAA2AA7A8C700EBCDAA /* TabBarItem.swift in Sources */ = {isa = PBXBuildFile; fileRef = F56C6BA92AA7A8C700EBCDAA /* TabBarItem.swift */; };
		F56C6BAC2AA7AB6200EBCDAA /* TabBarView.swift in Sources */ = {isa = PBXBuildFile; fileRef = F56C6BAB2AA7AB6200EBCDAA /* TabBarView.swift */; };
		F56C6BAE2AA7B1D500EBCDAA /* TabBarContainerView.swift in Sources */ = {isa = PBXBuildFile; fileRef = F56C6BAD2AA7B1D500EBCDAA /* TabBarContainerView.swift */; };
		F56C6BB02AA7B3EE00EBCDAA /* TabBarItemPreferenceKey.swift in Sources */ = {isa = PBXBuildFile; fileRef = F56C6BAF2AA7B3EE00EBCDAA /* TabBarItemPreferenceKey.swift */; };
		F56C6BB22AA7CA2B00EBCDAA /* TabBarBackground.swift in Sources */ = {isa = PBXBuildFile; fileRef = F56C6BB12AA7CA2B00EBCDAA /* TabBarBackground.swift */; };
		F5E3FF812AA7F1CE006D5668 /* SettingsView.swift in Sources */ = {isa = PBXBuildFile; fileRef = F5E3FF802AA7F1CE006D5668 /* SettingsView.swift */; };
		F5E3FF832AA7FB81006D5668 /* SettingsEnums.swift in Sources */ = {isa = PBXBuildFile; fileRef = F5E3FF822AA7FB81006D5668 /* SettingsEnums.swift */; };
/* End PBXBuildFile section */

/* Begin PBXFileReference section */
		F51DE0472AA95570000E744D /* StatisticsView.swift */ = {isa = PBXFileReference; lastKnownFileType = sourcecode.swift; path = StatisticsView.swift; sourceTree = "<group>"; };
		F52AC9F52AA857DB007114EC /* NewFishView.swift */ = {isa = PBXFileReference; lastKnownFileType = sourcecode.swift; path = NewFishView.swift; sourceTree = "<group>"; };
		F52AC9F92AA86BBA007114EC /* NewFishEnums.swift */ = {isa = PBXFileReference; lastKnownFileType = sourcecode.swift; path = NewFishEnums.swift; sourceTree = "<group>"; };
		F52AC9FF2AA9083D007114EC /* BaitSubView.swift */ = {isa = PBXFileReference; lastKnownFileType = sourcecode.swift; path = BaitSubView.swift; sourceTree = "<group>"; };
		F52ACA012AA908A9007114EC /* SpeciesSubView.swift */ = {isa = PBXFileReference; lastKnownFileType = sourcecode.swift; path = SpeciesSubView.swift; sourceTree = "<group>"; };
		F52ACA032AA920AA007114EC /* LengthSubView.swift */ = {isa = PBXFileReference; lastKnownFileType = sourcecode.swift; path = LengthSubView.swift; sourceTree = "<group>"; };
		F52ACA052AA9423B007114EC /* WeightSubView.swift */ = {isa = PBXFileReference; lastKnownFileType = sourcecode.swift; path = WeightSubView.swift; sourceTree = "<group>"; };
		F52ACA092AA948A2007114EC /* WaterConditionSubView.swift */ = {isa = PBXFileReference; lastKnownFileType = sourcecode.swift; path = WaterConditionSubView.swift; sourceTree = "<group>"; };
		F56C6B972AA7A63F00EBCDAA /* FishFolio.app */ = {isa = PBXFileReference; explicitFileType = wrapper.application; includeInIndex = 0; path = FishFolio.app; sourceTree = BUILT_PRODUCTS_DIR; };
		F56C6B9A2AA7A63F00EBCDAA /* FishFolioApp.swift */ = {isa = PBXFileReference; lastKnownFileType = sourcecode.swift; path = FishFolioApp.swift; sourceTree = "<group>"; };
		F56C6B9C2AA7A63F00EBCDAA /* MainView.swift */ = {isa = PBXFileReference; lastKnownFileType = sourcecode.swift; path = MainView.swift; sourceTree = "<group>"; };
		F56C6B9E2AA7A64000EBCDAA /* Assets.xcassets */ = {isa = PBXFileReference; lastKnownFileType = folder.assetcatalog; path = Assets.xcassets; sourceTree = "<group>"; };
		F56C6BA12AA7A64000EBCDAA /* Preview Assets.xcassets */ = {isa = PBXFileReference; lastKnownFileType = folder.assetcatalog; path = "Preview Assets.xcassets"; sourceTree = "<group>"; };
		F56C6BA92AA7A8C700EBCDAA /* TabBarItem.swift */ = {isa = PBXFileReference; lastKnownFileType = sourcecode.swift; path = TabBarItem.swift; sourceTree = "<group>"; };
		F56C6BAB2AA7AB6200EBCDAA /* TabBarView.swift */ = {isa = PBXFileReference; lastKnownFileType = sourcecode.swift; path = TabBarView.swift; sourceTree = "<group>"; };
		F56C6BAD2AA7B1D500EBCDAA /* TabBarContainerView.swift */ = {isa = PBXFileReference; lastKnownFileType = sourcecode.swift; path = TabBarContainerView.swift; sourceTree = "<group>"; };
		F56C6BAF2AA7B3EE00EBCDAA /* TabBarItemPreferenceKey.swift */ = {isa = PBXFileReference; lastKnownFileType = sourcecode.swift; path = TabBarItemPreferenceKey.swift; sourceTree = "<group>"; };
		F56C6BB12AA7CA2B00EBCDAA /* TabBarBackground.swift */ = {isa = PBXFileReference; lastKnownFileType = sourcecode.swift; path = TabBarBackground.swift; sourceTree = "<group>"; };
		F5E3FF802AA7F1CE006D5668 /* SettingsView.swift */ = {isa = PBXFileReference; lastKnownFileType = sourcecode.swift; path = SettingsView.swift; sourceTree = "<group>"; };
		F5E3FF822AA7FB81006D5668 /* SettingsEnums.swift */ = {isa = PBXFileReference; lastKnownFileType = sourcecode.swift; path = SettingsEnums.swift; sourceTree = "<group>"; };
/* End PBXFileReference section */

/* Begin PBXFrameworksBuildPhase section */
		F56C6B942AA7A63F00EBCDAA /* Frameworks */ = {
			isa = PBXFrameworksBuildPhase;
			buildActionMask = 2147483647;
			files = (
			);
			runOnlyForDeploymentPostprocessing = 0;
		};
/* End PBXFrameworksBuildPhase section */

/* Begin PBXGroup section */
		F51DE0462AA95553000E744D /* Statistics */ = {
			isa = PBXGroup;
			children = (
				F51DE0472AA95570000E744D /* StatisticsView.swift */,
			);
			path = Statistics;
			sourceTree = "<group>";
		};
		F52AC9F42AA85792007114EC /* Settings */ = {
			isa = PBXGroup;
			children = (
				F5E3FF802AA7F1CE006D5668 /* SettingsView.swift */,
				F5E3FF822AA7FB81006D5668 /* SettingsEnums.swift */,
			);
			path = Settings;
			sourceTree = "<group>";
		};
		F52AC9F72AA86B8B007114EC /* NewFish */ = {
			isa = PBXGroup;
			children = (
				F52AC9F52AA857DB007114EC /* NewFishView.swift */,
				F52AC9F92AA86BBA007114EC /* NewFishEnums.swift */,
				F52ACA012AA908A9007114EC /* SpeciesSubView.swift */,
				F52AC9FF2AA9083D007114EC /* BaitSubView.swift */,
				F52ACA032AA920AA007114EC /* LengthSubView.swift */,
				F52ACA052AA9423B007114EC /* WeightSubView.swift */,
				F52ACA092AA948A2007114EC /* WaterConditionSubView.swift */,
			);
			path = NewFish;
			sourceTree = "<group>";
		};
		F56C6B8E2AA7A63F00EBCDAA = {
			isa = PBXGroup;
			children = (
				F56C6B992AA7A63F00EBCDAA /* FishFolio */,
				F56C6B982AA7A63F00EBCDAA /* Products */,
			);
			sourceTree = "<group>";
		};
		F56C6B982AA7A63F00EBCDAA /* Products */ = {
			isa = PBXGroup;
			children = (
				F56C6B972AA7A63F00EBCDAA /* FishFolio.app */,
			);
			name = Products;
			sourceTree = "<group>";
		};
		F56C6B992AA7A63F00EBCDAA /* FishFolio */ = {
			isa = PBXGroup;
			children = (
				F56C6B9A2AA7A63F00EBCDAA /* FishFolioApp.swift */,
				F56C6B9C2AA7A63F00EBCDAA /* MainView.swift */,
				F52AC9F72AA86B8B007114EC /* NewFish */,
				F51DE0462AA95553000E744D /* Statistics */,
				F52AC9F42AA85792007114EC /* Settings */,
				F56C6BA82AA7A86E00EBCDAA /* TabBar */,
				F56C6B9E2AA7A64000EBCDAA /* Assets.xcassets */,
				F56C6BA02AA7A64000EBCDAA /* Preview Content */,
			);
			path = FishFolio;
			sourceTree = "<group>";
		};
		F56C6BA02AA7A64000EBCDAA /* Preview Content */ = {
			isa = PBXGroup;
			children = (
				F56C6BA12AA7A64000EBCDAA /* Preview Assets.xcassets */,
			);
			path = "Preview Content";
			sourceTree = "<group>";
		};
		F56C6BA82AA7A86E00EBCDAA /* TabBar */ = {
			isa = PBXGroup;
			children = (
				F56C6BAD2AA7B1D500EBCDAA /* TabBarContainerView.swift */,
				F56C6BAB2AA7AB6200EBCDAA /* TabBarView.swift */,
				F56C6BA92AA7A8C700EBCDAA /* TabBarItem.swift */,
				F56C6BAF2AA7B3EE00EBCDAA /* TabBarItemPreferenceKey.swift */,
				F56C6BB12AA7CA2B00EBCDAA /* TabBarBackground.swift */,
			);
			path = TabBar;
			sourceTree = "<group>";
		};
/* End PBXGroup section */

/* Begin PBXNativeTarget section */
		F56C6B962AA7A63F00EBCDAA /* FishFolio */ = {
			isa = PBXNativeTarget;
			buildConfigurationList = F56C6BA52AA7A64000EBCDAA /* Build configuration list for PBXNativeTarget "FishFolio" */;
			buildPhases = (
				F56C6B932AA7A63F00EBCDAA /* Sources */,
				F56C6B942AA7A63F00EBCDAA /* Frameworks */,
				F56C6B952AA7A63F00EBCDAA /* Resources */,
			);
			buildRules = (
			);
			dependencies = (
			);
			name = FishFolio;
			productName = FishFolio;
			productReference = F56C6B972AA7A63F00EBCDAA /* FishFolio.app */;
			productType = "com.apple.product-type.application";
		};
/* End PBXNativeTarget section */

/* Begin PBXProject section */
		F56C6B8F2AA7A63F00EBCDAA /* Project object */ = {
			isa = PBXProject;
			attributes = {
				BuildIndependentTargetsInParallel = 1;
				LastSwiftUpdateCheck = 1430;
				LastUpgradeCheck = 1430;
				TargetAttributes = {
					F56C6B962AA7A63F00EBCDAA = {
						CreatedOnToolsVersion = 14.3.1;
					};
				};
			};
			buildConfigurationList = F56C6B922AA7A63F00EBCDAA /* Build configuration list for PBXProject "FishFolio" */;
			compatibilityVersion = "Xcode 14.0";
			developmentRegion = en;
			hasScannedForEncodings = 0;
			knownRegions = (
				en,
				Base,
			);
			mainGroup = F56C6B8E2AA7A63F00EBCDAA;
			productRefGroup = F56C6B982AA7A63F00EBCDAA /* Products */;
			projectDirPath = "";
			projectRoot = "";
			targets = (
				F56C6B962AA7A63F00EBCDAA /* FishFolio */,
			);
		};
/* End PBXProject section */

/* Begin PBXResourcesBuildPhase section */
		F56C6B952AA7A63F00EBCDAA /* Resources */ = {
			isa = PBXResourcesBuildPhase;
			buildActionMask = 2147483647;
			files = (
				F56C6BA22AA7A64000EBCDAA /* Preview Assets.xcassets in Resources */,
				F56C6B9F2AA7A64000EBCDAA /* Assets.xcassets in Resources */,
			);
			runOnlyForDeploymentPostprocessing = 0;
		};
/* End PBXResourcesBuildPhase section */

/* Begin PBXSourcesBuildPhase section */
		F56C6B932AA7A63F00EBCDAA /* Sources */ = {
			isa = PBXSourcesBuildPhase;
			buildActionMask = 2147483647;
			files = (
				F56C6BAA2AA7A8C700EBCDAA /* TabBarItem.swift in Sources */,
				F52ACA042AA920AA007114EC /* LengthSubView.swift in Sources */,
				F5E3FF812AA7F1CE006D5668 /* SettingsView.swift in Sources */,
				F56C6BAE2AA7B1D500EBCDAA /* TabBarContainerView.swift in Sources */,
				F52ACA022AA908A9007114EC /* SpeciesSubView.swift in Sources */,
				F52AC9F62AA857DB007114EC /* NewFishView.swift in Sources */,
				F56C6B9D2AA7A63F00EBCDAA /* MainView.swift in Sources */,
				F52ACA002AA9083D007114EC /* BaitSubView.swift in Sources */,
				F56C6BB02AA7B3EE00EBCDAA /* TabBarItemPreferenceKey.swift in Sources */,
				F56C6BAC2AA7AB6200EBCDAA /* TabBarView.swift in Sources */,
				F52ACA0A2AA948A2007114EC /* WaterConditionSubView.swift in Sources */,
				F5E3FF832AA7FB81006D5668 /* SettingsEnums.swift in Sources */,
				F51DE0482AA95570000E744D /* StatisticsView.swift in Sources */,
				F56C6BB22AA7CA2B00EBCDAA /* TabBarBackground.swift in Sources */,
				F52AC9FA2AA86BBA007114EC /* NewFishEnums.swift in Sources */,
				F52ACA062AA9423B007114EC /* WeightSubView.swift in Sources */,
				F56C6B9B2AA7A63F00EBCDAA /* FishFolioApp.swift in Sources */,
			);
			runOnlyForDeploymentPostprocessing = 0;
		};
/* End PBXSourcesBuildPhase section */

/* Begin XCBuildConfiguration section */
		F56C6BA32AA7A64000EBCDAA /* Debug */ = {
			isa = XCBuildConfiguration;
			buildSettings = {
				ALWAYS_SEARCH_USER_PATHS = NO;
				CLANG_ANALYZER_NONNULL = YES;
				CLANG_ANALYZER_NUMBER_OBJECT_CONVERSION = YES_AGGRESSIVE;
				CLANG_CXX_LANGUAGE_STANDARD = "gnu++20";
				CLANG_ENABLE_MODULES = YES;
				CLANG_ENABLE_OBJC_ARC = YES;
				CLANG_ENABLE_OBJC_WEAK = YES;
				CLANG_WARN_BLOCK_CAPTURE_AUTORELEASING = YES;
				CLANG_WARN_BOOL_CONVERSION = YES;
				CLANG_WARN_COMMA = YES;
				CLANG_WARN_CONSTANT_CONVERSION = YES;
				CLANG_WARN_DEPRECATED_OBJC_IMPLEMENTATIONS = YES;
				CLANG_WARN_DIRECT_OBJC_ISA_USAGE = YES_ERROR;
				CLANG_WARN_DOCUMENTATION_COMMENTS = YES;
				CLANG_WARN_EMPTY_BODY = YES;
				CLANG_WARN_ENUM_CONVERSION = YES;
				CLANG_WARN_INFINITE_RECURSION = YES;
				CLANG_WARN_INT_CONVERSION = YES;
				CLANG_WARN_NON_LITERAL_NULL_CONVERSION = YES;
				CLANG_WARN_OBJC_IMPLICIT_RETAIN_SELF = YES;
				CLANG_WARN_OBJC_LITERAL_CONVERSION = YES;
				CLANG_WARN_OBJC_ROOT_CLASS = YES_ERROR;
				CLANG_WARN_QUOTED_INCLUDE_IN_FRAMEWORK_HEADER = YES;
				CLANG_WARN_RANGE_LOOP_ANALYSIS = YES;
				CLANG_WARN_STRICT_PROTOTYPES = YES;
				CLANG_WARN_SUSPICIOUS_MOVE = YES;
				CLANG_WARN_UNGUARDED_AVAILABILITY = YES_AGGRESSIVE;
				CLANG_WARN_UNREACHABLE_CODE = YES;
				CLANG_WARN__DUPLICATE_METHOD_MATCH = YES;
				COPY_PHASE_STRIP = NO;
				DEBUG_INFORMATION_FORMAT = dwarf;
				ENABLE_STRICT_OBJC_MSGSEND = YES;
				ENABLE_TESTABILITY = YES;
				GCC_C_LANGUAGE_STANDARD = gnu11;
				GCC_DYNAMIC_NO_PIC = NO;
				GCC_NO_COMMON_BLOCKS = YES;
				GCC_OPTIMIZATION_LEVEL = 0;
				GCC_PREPROCESSOR_DEFINITIONS = (
					"DEBUG=1",
					"$(inherited)",
				);
				GCC_WARN_64_TO_32_BIT_CONVERSION = YES;
				GCC_WARN_ABOUT_RETURN_TYPE = YES_ERROR;
				GCC_WARN_UNDECLARED_SELECTOR = YES;
				GCC_WARN_UNINITIALIZED_AUTOS = YES_AGGRESSIVE;
				GCC_WARN_UNUSED_FUNCTION = YES;
				GCC_WARN_UNUSED_VARIABLE = YES;
				IPHONEOS_DEPLOYMENT_TARGET = 16.4;
				MTL_ENABLE_DEBUG_INFO = INCLUDE_SOURCE;
				MTL_FAST_MATH = YES;
				ONLY_ACTIVE_ARCH = YES;
				SDKROOT = iphoneos;
				SWIFT_ACTIVE_COMPILATION_CONDITIONS = DEBUG;
				SWIFT_OPTIMIZATION_LEVEL = "-Onone";
			};
			name = Debug;
		};
		F56C6BA42AA7A64000EBCDAA /* Release */ = {
			isa = XCBuildConfiguration;
			buildSettings = {
				ALWAYS_SEARCH_USER_PATHS = NO;
				CLANG_ANALYZER_NONNULL = YES;
				CLANG_ANALYZER_NUMBER_OBJECT_CONVERSION = YES_AGGRESSIVE;
				CLANG_CXX_LANGUAGE_STANDARD = "gnu++20";
				CLANG_ENABLE_MODULES = YES;
				CLANG_ENABLE_OBJC_ARC = YES;
				CLANG_ENABLE_OBJC_WEAK = YES;
				CLANG_WARN_BLOCK_CAPTURE_AUTORELEASING = YES;
				CLANG_WARN_BOOL_CONVERSION = YES;
				CLANG_WARN_COMMA = YES;
				CLANG_WARN_CONSTANT_CONVERSION = YES;
				CLANG_WARN_DEPRECATED_OBJC_IMPLEMENTATIONS = YES;
				CLANG_WARN_DIRECT_OBJC_ISA_USAGE = YES_ERROR;
				CLANG_WARN_DOCUMENTATION_COMMENTS = YES;
				CLANG_WARN_EMPTY_BODY = YES;
				CLANG_WARN_ENUM_CONVERSION = YES;
				CLANG_WARN_INFINITE_RECURSION = YES;
				CLANG_WARN_INT_CONVERSION = YES;
				CLANG_WARN_NON_LITERAL_NULL_CONVERSION = YES;
				CLANG_WARN_OBJC_IMPLICIT_RETAIN_SELF = YES;
				CLANG_WARN_OBJC_LITERAL_CONVERSION = YES;
				CLANG_WARN_OBJC_ROOT_CLASS = YES_ERROR;
				CLANG_WARN_QUOTED_INCLUDE_IN_FRAMEWORK_HEADER = YES;
				CLANG_WARN_RANGE_LOOP_ANALYSIS = YES;
				CLANG_WARN_STRICT_PROTOTYPES = YES;
				CLANG_WARN_SUSPICIOUS_MOVE = YES;
				CLANG_WARN_UNGUARDED_AVAILABILITY = YES_AGGRESSIVE;
				CLANG_WARN_UNREACHABLE_CODE = YES;
				CLANG_WARN__DUPLICATE_METHOD_MATCH = YES;
				COPY_PHASE_STRIP = NO;
				DEBUG_INFORMATION_FORMAT = "dwarf-with-dsym";
				ENABLE_NS_ASSERTIONS = NO;
				ENABLE_STRICT_OBJC_MSGSEND = YES;
				GCC_C_LANGUAGE_STANDARD = gnu11;
				GCC_NO_COMMON_BLOCKS = YES;
				GCC_WARN_64_TO_32_BIT_CONVERSION = YES;
				GCC_WARN_ABOUT_RETURN_TYPE = YES_ERROR;
				GCC_WARN_UNDECLARED_SELECTOR = YES;
				GCC_WARN_UNINITIALIZED_AUTOS = YES_AGGRESSIVE;
				GCC_WARN_UNUSED_FUNCTION = YES;
				GCC_WARN_UNUSED_VARIABLE = YES;
				IPHONEOS_DEPLOYMENT_TARGET = 16.4;
				MTL_ENABLE_DEBUG_INFO = NO;
				MTL_FAST_MATH = YES;
				SDKROOT = iphoneos;
				SWIFT_COMPILATION_MODE = wholemodule;
				SWIFT_OPTIMIZATION_LEVEL = "-O";
				VALIDATE_PRODUCT = YES;
			};
			name = Release;
		};
		F56C6BA62AA7A64000EBCDAA /* Debug */ = {
			isa = XCBuildConfiguration;
			buildSettings = {
				ASSETCATALOG_COMPILER_APPICON_NAME = AppIcon;
				ASSETCATALOG_COMPILER_GLOBAL_ACCENT_COLOR_NAME = AccentColor;
				CODE_SIGN_STYLE = Automatic;
				CURRENT_PROJECT_VERSION = 1;
				DEVELOPMENT_ASSET_PATHS = "\"FishFolio/Preview Content\"";
				DEVELOPMENT_TEAM = YM5Q6CZ66F;
				ENABLE_PREVIEWS = YES;
				GENERATE_INFOPLIST_FILE = YES;
				INFOPLIST_KEY_UIApplicationSceneManifest_Generation = YES;
				INFOPLIST_KEY_UIApplicationSupportsIndirectInputEvents = YES;
				INFOPLIST_KEY_UILaunchScreen_Generation = YES;
				INFOPLIST_KEY_UISupportedInterfaceOrientations_iPad = "UIInterfaceOrientationPortrait UIInterfaceOrientationPortraitUpsideDown UIInterfaceOrientationLandscapeLeft UIInterfaceOrientationLandscapeRight";
				INFOPLIST_KEY_UISupportedInterfaceOrientations_iPhone = "UIInterfaceOrientationPortrait UIInterfaceOrientationLandscapeLeft UIInterfaceOrientationLandscapeRight";
				LD_RUNPATH_SEARCH_PATHS = (
					"$(inherited)",
					"@executable_path/Frameworks",
				);
				MARKETING_VERSION = 1.0;
				PRODUCT_BUNDLE_IDENTIFIER = com.vladgershun.FishFolio;
				PRODUCT_NAME = "$(TARGET_NAME)";
				SWIFT_EMIT_LOC_STRINGS = YES;
				SWIFT_VERSION = 5.0;
				TARGETED_DEVICE_FAMILY = "1,2";
			};
			name = Debug;
		};
		F56C6BA72AA7A64000EBCDAA /* Release */ = {
			isa = XCBuildConfiguration;
			buildSettings = {
				ASSETCATALOG_COMPILER_APPICON_NAME = AppIcon;
				ASSETCATALOG_COMPILER_GLOBAL_ACCENT_COLOR_NAME = AccentColor;
				CODE_SIGN_STYLE = Automatic;
				CURRENT_PROJECT_VERSION = 1;
				DEVELOPMENT_ASSET_PATHS = "\"FishFolio/Preview Content\"";
				DEVELOPMENT_TEAM = YM5Q6CZ66F;
				ENABLE_PREVIEWS = YES;
				GENERATE_INFOPLIST_FILE = YES;
				INFOPLIST_KEY_UIApplicationSceneManifest_Generation = YES;
				INFOPLIST_KEY_UIApplicationSupportsIndirectInputEvents = YES;
				INFOPLIST_KEY_UILaunchScreen_Generation = YES;
				INFOPLIST_KEY_UISupportedInterfaceOrientations_iPad = "UIInterfaceOrientationPortrait UIInterfaceOrientationPortraitUpsideDown UIInterfaceOrientationLandscapeLeft UIInterfaceOrientationLandscapeRight";
				INFOPLIST_KEY_UISupportedInterfaceOrientations_iPhone = "UIInterfaceOrientationPortrait UIInterfaceOrientationLandscapeLeft UIInterfaceOrientationLandscapeRight";
				LD_RUNPATH_SEARCH_PATHS = (
					"$(inherited)",
					"@executable_path/Frameworks",
				);
				MARKETING_VERSION = 1.0;
				PRODUCT_BUNDLE_IDENTIFIER = com.vladgershun.FishFolio;
				PRODUCT_NAME = "$(TARGET_NAME)";
				SWIFT_EMIT_LOC_STRINGS = YES;
				SWIFT_VERSION = 5.0;
				TARGETED_DEVICE_FAMILY = "1,2";
			};
			name = Release;
		};
/* End XCBuildConfiguration section */

/* Begin XCConfigurationList section */
		F56C6B922AA7A63F00EBCDAA /* Build configuration list for PBXProject "FishFolio" */ = {
			isa = XCConfigurationList;
			buildConfigurations = (
				F56C6BA32AA7A64000EBCDAA /* Debug */,
				F56C6BA42AA7A64000EBCDAA /* Release */,
			);
			defaultConfigurationIsVisible = 0;
			defaultConfigurationName = Release;
		};
		F56C6BA52AA7A64000EBCDAA /* Build configuration list for PBXNativeTarget "FishFolio" */ = {
			isa = XCConfigurationList;
			buildConfigurations = (
				F56C6BA62AA7A64000EBCDAA /* Debug */,
				F56C6BA72AA7A64000EBCDAA /* Release */,
			);
			defaultConfigurationIsVisible = 0;
			defaultConfigurationName = Release;
		};
/* End XCConfigurationList section */
	};
	rootObject = F56C6B8F2AA7A63F00EBCDAA /* Project object */;
}
