// !$*UTF8*$!
{
	archiveVersion = 1;
	classes = {
	};
	objectVersion = 56;
	objects = {

/* Begin PBXBuildFile section */
		F51DE0482AA95570000E744D /* StatisticsView.swift in Sources */ = {isa = PBXBuildFile; fileRef = F51DE0472AA95570000E744D /* StatisticsView.swift */; };
		F52AC9F62AA857DB007114EC /* NewFishView.swift in Sources */ = {isa = PBXBuildFile; fileRef = F52AC9F52AA857DB007114EC /* NewFishView.swift */; };
		F52AC9FA2AA86BBA007114EC /* NewFishEnums.swift in Sources */ = {isa = PBXBuildFile; fileRef = F52AC9F92AA86BBA007114EC /* NewFishEnums.swift */; };
		F52ACA002AA9083D007114EC /* BaitSubView.swift in Sources */ = {isa = PBXBuildFile; fileRef = F52AC9FF2AA9083D007114EC /* BaitSubView.swift */; };
		F52ACA022AA908A9007114EC /* SpeciesSubView.swift in Sources */ = {isa = PBXBuildFile; fileRef = F52ACA012AA908A9007114EC /* SpeciesSubView.swift */; };
		F56C6B9B2AA7A63F00EBCDAA /* FishFolioApp.swift in Sources */ = {isa = PBXBuildFile; fileRef = F56C6B9A2AA7A63F00EBCDAA /* FishFolioApp.swift */; };
		F56C6B9D2AA7A63F00EBCDAA /* MainView.swift in Sources */ = {isa = PBXBuildFile; fileRef = F56C6B9C2AA7A63F00EBCDAA /* MainView.swift */; };
		F56C6B9F2AA7A64000EBCDAA /* Assets.xcassets in Resources */ = {isa = PBXBuildFile; fileRef = F56C6B9E2AA7A64000EBCDAA /* Assets.xcassets */; };
		F56C6BA22AA7A64000EBCDAA /* Preview Assets.xcassets in Resources */ = {isa = PBXBuildFile; fileRef = F56C6BA12AA7A64000EBCDAA /* Preview Assets.xcassets */; };
		F56C6BAA2AA7A8C700EBCDAA /* TabBarItem.swift in Sources */ = {isa = PBXBuildFile; fileRef = F56C6BA92AA7A8C700EBCDAA /* TabBarItem.swift */; };
		F56C6BAC2AA7AB6200EBCDAA /* TabBarView.swift in Sources */ = {isa = PBXBuildFile; fileRef = F56C6BAB2AA7AB6200EBCDAA /* TabBarView.swift */; };
		F56C6BAE2AA7B1D500EBCDAA /* TabBarContainerView.swift in Sources */ = {isa = PBXBuildFile; fileRef = F56C6BAD2AA7B1D500EBCDAA /* TabBarContainerView.swift */; };
		F56C6BB02AA7B3EE00EBCDAA /* TabBarItemPreferenceKey.swift in Sources */ = {isa = PBXBuildFile; fileRef = F56C6BAF2AA7B3EE00EBCDAA /* TabBarItemPreferenceKey.swift */; };
		F56C6BB22AA7CA2B00EBCDAA /* TabBarBackground.swift in Sources */ = {isa = PBXBuildFile; fileRef = F56C6BB12AA7CA2B00EBCDAA /* TabBarBackground.swift */; };
		F5A3FAF12AAEB900009BF109 /* AllFishView.swift in Sources */ = {isa = PBXBuildFile; fileRef = F5A3FAF02AAEB900009BF109 /* AllFishView.swift */; };
		F5A3FAF52AAFA0D7009BF109 /* FishRowView.swift in Sources */ = {isa = PBXBuildFile; fileRef = F5A3FAF42AAFA0D7009BF109 /* FishRowView.swift */; };
		F5A3FAF72AAFA248009BF109 /* FishDetailView.swift in Sources */ = {isa = PBXBuildFile; fileRef = F5A3FAF62AAFA248009BF109 /* FishDetailView.swift */; };
		F5A3FAF92AAFEF37009BF109 /* MapAnnotationView.swift in Sources */ = {isa = PBXBuildFile; fileRef = F5A3FAF82AAFEF37009BF109 /* MapAnnotationView.swift */; };
		F5A3FAFD2AB012D0009BF109 /* UIFishModel.swift in Sources */ = {isa = PBXBuildFile; fileRef = F5A3FAFC2AB012D0009BF109 /* UIFishModel.swift */; };
		F5A3FB052AB01D16009BF109 /* AllFishTests.swift in Sources */ = {isa = PBXBuildFile; fileRef = F5A3FB042AB01D16009BF109 /* AllFishTests.swift */; };
		F5A3FB0E2AB02BAA009BF109 /* AllFishVM.swift in Sources */ = {isa = PBXBuildFile; fileRef = F5A3FB0D2AB02BAA009BF109 /* AllFishVM.swift */; };
		F5A3FB112AB0E607009BF109 /* FetchService.swift in Sources */ = {isa = PBXBuildFile; fileRef = F5A3FB102AB0E607009BF109 /* FetchService.swift */; };
		F5A3FB142AB0E6F1009BF109 /* StubDatabase.swift in Sources */ = {isa = PBXBuildFile; fileRef = F5A3FB132AB0E6F1009BF109 /* StubDatabase.swift */; };
		F5A3FB162AB11BF2009BF109 /* DetailVM.swift in Sources */ = {isa = PBXBuildFile; fileRef = F5A3FB152AB11BF2009BF109 /* DetailVM.swift */; };
		F5A3FB182AB121C1009BF109 /* NewFishVM.swift in Sources */ = {isa = PBXBuildFile; fileRef = F5A3FB172AB121C1009BF109 /* NewFishVM.swift */; };
		F5A3FB1A2AB13538009BF109 /* CRUDService.swift in Sources */ = {isa = PBXBuildFile; fileRef = F5A3FB192AB13538009BF109 /* CRUDService.swift */; };
		F5A3FB1C2AB1A24D009BF109 /* EditFishView.swift in Sources */ = {isa = PBXBuildFile; fileRef = F5A3FB1B2AB1A24D009BF109 /* EditFishView.swift */; };
		F5A3FB1E2AB1A9D5009BF109 /* EditSpeciesSubView.swift in Sources */ = {isa = PBXBuildFile; fileRef = F5A3FB1D2AB1A9D5009BF109 /* EditSpeciesSubView.swift */; };
		F5A3FB202AB1AD0D009BF109 /* EditBaitSubView.swift in Sources */ = {isa = PBXBuildFile; fileRef = F5A3FB1F2AB1AD0D009BF109 /* EditBaitSubView.swift */; };
		F5A3FB222AB2450E009BF109 /* ImageManager.swift in Sources */ = {isa = PBXBuildFile; fileRef = F5A3FB212AB2450E009BF109 /* ImageManager.swift */; };
		F5A3FB242AB2454E009BF109 /* ImagePicker.swift in Sources */ = {isa = PBXBuildFile; fileRef = F5A3FB232AB2454E009BF109 /* ImagePicker.swift */; };
		F5E3FF812AA7F1CE006D5668 /* SettingsView.swift in Sources */ = {isa = PBXBuildFile; fileRef = F5E3FF802AA7F1CE006D5668 /* SettingsView.swift */; };
		F5E3FF832AA7FB81006D5668 /* SettingsEnums.swift in Sources */ = {isa = PBXBuildFile; fileRef = F5E3FF822AA7FB81006D5668 /* SettingsEnums.swift */; };
/* End PBXBuildFile section */

/* Begin PBXContainerItemProxy section */
		F5A3FB062AB01D16009BF109 /* PBXContainerItemProxy */ = {
			isa = PBXContainerItemProxy;
			containerPortal = F56C6B8F2AA7A63F00EBCDAA /* Project object */;
			proxyType = 1;
			remoteGlobalIDString = F56C6B962AA7A63F00EBCDAA;
			remoteInfo = FishFolio;
		};
/* End PBXContainerItemProxy section */

/* Begin PBXFileReference section */
		F51DE0472AA95570000E744D /* StatisticsView.swift */ = {isa = PBXFileReference; lastKnownFileType = sourcecode.swift; path = StatisticsView.swift; sourceTree = "<group>"; };
		F52AC9F52AA857DB007114EC /* NewFishView.swift */ = {isa = PBXFileReference; lastKnownFileType = sourcecode.swift; path = NewFishView.swift; sourceTree = "<group>"; };
		F52AC9F92AA86BBA007114EC /* NewFishEnums.swift */ = {isa = PBXFileReference; lastKnownFileType = sourcecode.swift; path = NewFishEnums.swift; sourceTree = "<group>"; };
		F52AC9FF2AA9083D007114EC /* BaitSubView.swift */ = {isa = PBXFileReference; lastKnownFileType = sourcecode.swift; path = BaitSubView.swift; sourceTree = "<group>"; };
		F52ACA012AA908A9007114EC /* SpeciesSubView.swift */ = {isa = PBXFileReference; lastKnownFileType = sourcecode.swift; path = SpeciesSubView.swift; sourceTree = "<group>"; };
		F56C6B972AA7A63F00EBCDAA /* FishFolio.app */ = {isa = PBXFileReference; explicitFileType = wrapper.application; includeInIndex = 0; path = FishFolio.app; sourceTree = BUILT_PRODUCTS_DIR; };
		F56C6B9A2AA7A63F00EBCDAA /* FishFolioApp.swift */ = {isa = PBXFileReference; lastKnownFileType = sourcecode.swift; path = FishFolioApp.swift; sourceTree = "<group>"; };
		F56C6B9C2AA7A63F00EBCDAA /* MainView.swift */ = {isa = PBXFileReference; lastKnownFileType = sourcecode.swift; path = MainView.swift; sourceTree = "<group>"; };
		F56C6B9E2AA7A64000EBCDAA /* Assets.xcassets */ = {isa = PBXFileReference; lastKnownFileType = folder.assetcatalog; path = Assets.xcassets; sourceTree = "<group>"; };
		F56C6BA12AA7A64000EBCDAA /* Preview Assets.xcassets */ = {isa = PBXFileReference; lastKnownFileType = folder.assetcatalog; path = "Preview Assets.xcassets"; sourceTree = "<group>"; };
		F56C6BA92AA7A8C700EBCDAA /* TabBarItem.swift */ = {isa = PBXFileReference; lastKnownFileType = sourcecode.swift; path = TabBarItem.swift; sourceTree = "<group>"; };
		F56C6BAB2AA7AB6200EBCDAA /* TabBarView.swift */ = {isa = PBXFileReference; lastKnownFileType = sourcecode.swift; path = TabBarView.swift; sourceTree = "<group>"; };
		F56C6BAD2AA7B1D500EBCDAA /* TabBarContainerView.swift */ = {isa = PBXFileReference; lastKnownFileType = sourcecode.swift; path = TabBarContainerView.swift; sourceTree = "<group>"; };
		F56C6BAF2AA7B3EE00EBCDAA /* TabBarItemPreferenceKey.swift */ = {isa = PBXFileReference; lastKnownFileType = sourcecode.swift; path = TabBarItemPreferenceKey.swift; sourceTree = "<group>"; };
		F56C6BB12AA7CA2B00EBCDAA /* TabBarBackground.swift */ = {isa = PBXFileReference; lastKnownFileType = sourcecode.swift; path = TabBarBackground.swift; sourceTree = "<group>"; };
		F5A3FAF02AAEB900009BF109 /* AllFishView.swift */ = {isa = PBXFileReference; lastKnownFileType = sourcecode.swift; path = AllFishView.swift; sourceTree = "<group>"; };
		F5A3FAF42AAFA0D7009BF109 /* FishRowView.swift */ = {isa = PBXFileReference; lastKnownFileType = sourcecode.swift; path = FishRowView.swift; sourceTree = "<group>"; };
		F5A3FAF62AAFA248009BF109 /* FishDetailView.swift */ = {isa = PBXFileReference; lastKnownFileType = sourcecode.swift; path = FishDetailView.swift; sourceTree = "<group>"; };
		F5A3FAF82AAFEF37009BF109 /* MapAnnotationView.swift */ = {isa = PBXFileReference; lastKnownFileType = sourcecode.swift; path = MapAnnotationView.swift; sourceTree = "<group>"; };
		F5A3FAFC2AB012D0009BF109 /* UIFishModel.swift */ = {isa = PBXFileReference; lastKnownFileType = sourcecode.swift; path = UIFishModel.swift; sourceTree = "<group>"; };
		F5A3FB022AB01D16009BF109 /* FishFolioTests.xctest */ = {isa = PBXFileReference; explicitFileType = wrapper.cfbundle; includeInIndex = 0; path = FishFolioTests.xctest; sourceTree = BUILT_PRODUCTS_DIR; };
		F5A3FB042AB01D16009BF109 /* AllFishTests.swift */ = {isa = PBXFileReference; lastKnownFileType = sourcecode.swift; path = AllFishTests.swift; sourceTree = "<group>"; };
		F5A3FB0D2AB02BAA009BF109 /* AllFishVM.swift */ = {isa = PBXFileReference; lastKnownFileType = sourcecode.swift; path = AllFishVM.swift; sourceTree = "<group>"; };
		F5A3FB102AB0E607009BF109 /* FetchService.swift */ = {isa = PBXFileReference; lastKnownFileType = sourcecode.swift; path = FetchService.swift; sourceTree = "<group>"; };
		F5A3FB132AB0E6F1009BF109 /* StubDatabase.swift */ = {isa = PBXFileReference; lastKnownFileType = sourcecode.swift; path = StubDatabase.swift; sourceTree = "<group>"; };
		F5A3FB152AB11BF2009BF109 /* DetailVM.swift */ = {isa = PBXFileReference; lastKnownFileType = sourcecode.swift; path = DetailVM.swift; sourceTree = "<group>"; };
		F5A3FB172AB121C1009BF109 /* NewFishVM.swift */ = {isa = PBXFileReference; lastKnownFileType = sourcecode.swift; path = NewFishVM.swift; sourceTree = "<group>"; };
		F5A3FB192AB13538009BF109 /* CRUDService.swift */ = {isa = PBXFileReference; lastKnownFileType = sourcecode.swift; path = CRUDService.swift; sourceTree = "<group>"; };
		F5A3FB1B2AB1A24D009BF109 /* EditFishView.swift */ = {isa = PBXFileReference; lastKnownFileType = sourcecode.swift; path = EditFishView.swift; sourceTree = "<group>"; };
		F5A3FB1D2AB1A9D5009BF109 /* EditSpeciesSubView.swift */ = {isa = PBXFileReference; lastKnownFileType = sourcecode.swift; path = EditSpeciesSubView.swift; sourceTree = "<group>"; };
		F5A3FB1F2AB1AD0D009BF109 /* EditBaitSubView.swift */ = {isa = PBXFileReference; lastKnownFileType = sourcecode.swift; path = EditBaitSubView.swift; sourceTree = "<group>"; };
		F5A3FB212AB2450E009BF109 /* ImageManager.swift */ = {isa = PBXFileReference; lastKnownFileType = sourcecode.swift; path = ImageManager.swift; sourceTree = "<group>"; };
		F5A3FB232AB2454E009BF109 /* ImagePicker.swift */ = {isa = PBXFileReference; lastKnownFileType = sourcecode.swift; path = ImagePicker.swift; sourceTree = "<group>"; };
		F5E3FF802AA7F1CE006D5668 /* SettingsView.swift */ = {isa = PBXFileReference; lastKnownFileType = sourcecode.swift; path = SettingsView.swift; sourceTree = "<group>"; };
		F5E3FF822AA7FB81006D5668 /* SettingsEnums.swift */ = {isa = PBXFileReference; lastKnownFileType = sourcecode.swift; path = SettingsEnums.swift; sourceTree = "<group>"; };
/* End PBXFileReference section */

/* Begin PBXFrameworksBuildPhase section */
		F56C6B942AA7A63F00EBCDAA /* Frameworks */ = {
			isa = PBXFrameworksBuildPhase;
			buildActionMask = 2147483647;
			files = (
			);
			runOnlyForDeploymentPostprocessing = 0;
		};
		F5A3FAFF2AB01D16009BF109 /* Frameworks */ = {
			isa = PBXFrameworksBuildPhase;
			buildActionMask = 2147483647;
			files = (
			);
			runOnlyForDeploymentPostprocessing = 0;
		};
/* End PBXFrameworksBuildPhase section */

/* Begin PBXGroup section */
		F51DE0462AA95553000E744D /* Statistics */ = {
			isa = PBXGroup;
			children = (
				F51DE0472AA95570000E744D /* StatisticsView.swift */,
			);
			path = Statistics;
			sourceTree = "<group>";
		};
		F52AC9F42AA85792007114EC /* Settings */ = {
			isa = PBXGroup;
			children = (
				F5E3FF802AA7F1CE006D5668 /* SettingsView.swift */,
				F5E3FF822AA7FB81006D5668 /* SettingsEnums.swift */,
			);
			path = Settings;
			sourceTree = "<group>";
		};
		F52AC9F72AA86B8B007114EC /* NewFish */ = {
			isa = PBXGroup;
			children = (
				F52AC9F52AA857DB007114EC /* NewFishView.swift */,
				F52ACA012AA908A9007114EC /* SpeciesSubView.swift */,
				F52AC9FF2AA9083D007114EC /* BaitSubView.swift */,
				F52AC9F92AA86BBA007114EC /* NewFishEnums.swift */,
				F5A3FB172AB121C1009BF109 /* NewFishVM.swift */,
			);
			path = NewFish;
			sourceTree = "<group>";
		};
		F56C6B8E2AA7A63F00EBCDAA = {
			isa = PBXGroup;
			children = (
				F56C6B992AA7A63F00EBCDAA /* FishFolio */,
				F5A3FB032AB01D16009BF109 /* FishFolioTests */,
				F56C6B982AA7A63F00EBCDAA /* Products */,
			);
			sourceTree = "<group>";
		};
		F56C6B982AA7A63F00EBCDAA /* Products */ = {
			isa = PBXGroup;
			children = (
				F56C6B972AA7A63F00EBCDAA /* FishFolio.app */,
				F5A3FB022AB01D16009BF109 /* FishFolioTests.xctest */,
			);
			name = Products;
			sourceTree = "<group>";
		};
		F56C6B992AA7A63F00EBCDAA /* FishFolio */ = {
			isa = PBXGroup;
			children = (
				F56C6B9A2AA7A63F00EBCDAA /* FishFolioApp.swift */,
				F56C6B9C2AA7A63F00EBCDAA /* MainView.swift */,
				F5A3FB122AB0E6CF009BF109 /* Database */,
				F5A3FB0F2AB0E5F2009BF109 /* Services */,
				F5A3FAEE2AAEB8D6009BF109 /* AllFish */,
				F52AC9F72AA86B8B007114EC /* NewFish */,
				F51DE0462AA95553000E744D /* Statistics */,
				F52AC9F42AA85792007114EC /* Settings */,
				F5A3FAFA2AB00622009BF109 /* Models */,
				F56C6BA82AA7A86E00EBCDAA /* TabBar */,
				F56C6B9E2AA7A64000EBCDAA /* Assets.xcassets */,
				F56C6BA02AA7A64000EBCDAA /* Preview Content */,
			);
			path = FishFolio;
			sourceTree = "<group>";
		};
		F56C6BA02AA7A64000EBCDAA /* Preview Content */ = {
			isa = PBXGroup;
			children = (
				F56C6BA12AA7A64000EBCDAA /* Preview Assets.xcassets */,
			);
			path = "Preview Content";
			sourceTree = "<group>";
		};
		F56C6BA82AA7A86E00EBCDAA /* TabBar */ = {
			isa = PBXGroup;
			children = (
				F56C6BAD2AA7B1D500EBCDAA /* TabBarContainerView.swift */,
				F56C6BAB2AA7AB6200EBCDAA /* TabBarView.swift */,
				F56C6BA92AA7A8C700EBCDAA /* TabBarItem.swift */,
				F56C6BAF2AA7B3EE00EBCDAA /* TabBarItemPreferenceKey.swift */,
				F56C6BB12AA7CA2B00EBCDAA /* TabBarBackground.swift */,
			);
			path = TabBar;
			sourceTree = "<group>";
		};
		F5A3FAEE2AAEB8D6009BF109 /* AllFish */ = {
			isa = PBXGroup;
			children = (
				F5A3FAF02AAEB900009BF109 /* AllFishView.swift */,
				F5A3FAF42AAFA0D7009BF109 /* FishRowView.swift */,
				F5A3FAF62AAFA248009BF109 /* FishDetailView.swift */,
				F5A3FB1B2AB1A24D009BF109 /* EditFishView.swift */,
				F5A3FB1D2AB1A9D5009BF109 /* EditSpeciesSubView.swift */,
				F5A3FB1F2AB1AD0D009BF109 /* EditBaitSubView.swift */,
				F5A3FAF82AAFEF37009BF109 /* MapAnnotationView.swift */,
				F5A3FB0D2AB02BAA009BF109 /* AllFishVM.swift */,
				F5A3FB152AB11BF2009BF109 /* DetailVM.swift */,
			);
			path = AllFish;
			sourceTree = "<group>";
		};
		F5A3FAFA2AB00622009BF109 /* Models */ = {
			isa = PBXGroup;
			children = (
				F5A3FAFC2AB012D0009BF109 /* UIFishModel.swift */,
			);
			path = Models;
			sourceTree = "<group>";
		};
		F5A3FB032AB01D16009BF109 /* FishFolioTests */ = {
			isa = PBXGroup;
			children = (
				F5A3FB042AB01D16009BF109 /* AllFishTests.swift */,
			);
			path = FishFolioTests;
			sourceTree = "<group>";
		};
		F5A3FB0F2AB0E5F2009BF109 /* Services */ = {
			isa = PBXGroup;
			children = (
				F5A3FB102AB0E607009BF109 /* FetchService.swift */,
				F5A3FB192AB13538009BF109 /* CRUDService.swift */,
				F5A3FB212AB2450E009BF109 /* ImageManager.swift */,
				F5A3FB232AB2454E009BF109 /* ImagePicker.swift */,
			);
			path = Services;
			sourceTree = "<group>";
		};
		F5A3FB122AB0E6CF009BF109 /* Database */ = {
			isa = PBXGroup;
			children = (
				F5A3FB132AB0E6F1009BF109 /* StubDatabase.swift */,
			);
			path = Database;
			sourceTree = "<group>";
		};
/* End PBXGroup section */

/* Begin PBXNativeTarget section */
		F56C6B962AA7A63F00EBCDAA /* FishFolio */ = {
			isa = PBXNativeTarget;
			buildConfigurationList = F56C6BA52AA7A64000EBCDAA /* Build configuration list for PBXNativeTarget "FishFolio" */;
			buildPhases = (
				F56C6B932AA7A63F00EBCDAA /* Sources */,
				F56C6B942AA7A63F00EBCDAA /* Frameworks */,
				F56C6B952AA7A63F00EBCDAA /* Resources */,
			);
			buildRules = (
			);
			dependencies = (
			);
			name = FishFolio;
			productName = FishFolio;
			productReference = F56C6B972AA7A63F00EBCDAA /* FishFolio.app */;
			productType = "com.apple.product-type.application";
		};
		F5A3FB012AB01D16009BF109 /* FishFolioTests */ = {
			isa = PBXNativeTarget;
			buildConfigurationList = F5A3FB0A2AB01D16009BF109 /* Build configuration list for PBXNativeTarget "FishFolioTests" */;
			buildPhases = (
				F5A3FAFE2AB01D16009BF109 /* Sources */,
				F5A3FAFF2AB01D16009BF109 /* Frameworks */,
				F5A3FB002AB01D16009BF109 /* Resources */,
			);
			buildRules = (
			);
			dependencies = (
				F5A3FB072AB01D16009BF109 /* PBXTargetDependency */,
			);
			name = FishFolioTests;
			productName = FishFolioTests;
			productReference = F5A3FB022AB01D16009BF109 /* FishFolioTests.xctest */;
			productType = "com.apple.product-type.bundle.unit-test";
		};
/* End PBXNativeTarget section */

/* Begin PBXProject section */
		F56C6B8F2AA7A63F00EBCDAA /* Project object */ = {
			isa = PBXProject;
			attributes = {
				BuildIndependentTargetsInParallel = 1;
				LastSwiftUpdateCheck = 1430;
				LastUpgradeCheck = 1430;
				TargetAttributes = {
					F56C6B962AA7A63F00EBCDAA = {
						CreatedOnToolsVersion = 14.3.1;
					};
					F5A3FB012AB01D16009BF109 = {
						CreatedOnToolsVersion = 14.3.1;
						TestTargetID = F56C6B962AA7A63F00EBCDAA;
					};
				};
			};
			buildConfigurationList = F56C6B922AA7A63F00EBCDAA /* Build configuration list for PBXProject "FishFolio" */;
			compatibilityVersion = "Xcode 14.0";
			developmentRegion = en;
			hasScannedForEncodings = 0;
			knownRegions = (
				en,
				Base,
			);
			mainGroup = F56C6B8E2AA7A63F00EBCDAA;
			productRefGroup = F56C6B982AA7A63F00EBCDAA /* Products */;
			projectDirPath = "";
			projectRoot = "";
			targets = (
				F56C6B962AA7A63F00EBCDAA /* FishFolio */,
				F5A3FB012AB01D16009BF109 /* FishFolioTests */,
			);
		};
/* End PBXProject section */

/* Begin PBXResourcesBuildPhase section */
		F56C6B952AA7A63F00EBCDAA /* Resources */ = {
			isa = PBXResourcesBuildPhase;
			buildActionMask = 2147483647;
			files = (
				F56C6BA22AA7A64000EBCDAA /* Preview Assets.xcassets in Resources */,
				F56C6B9F2AA7A64000EBCDAA /* Assets.xcassets in Resources */,
			);
			runOnlyForDeploymentPostprocessing = 0;
		};
		F5A3FB002AB01D16009BF109 /* Resources */ = {
			isa = PBXResourcesBuildPhase;
			buildActionMask = 2147483647;
			files = (
			);
			runOnlyForDeploymentPostprocessing = 0;
		};
/* End PBXResourcesBuildPhase section */

/* Begin PBXSourcesBuildPhase section */
		F56C6B932AA7A63F00EBCDAA /* Sources */ = {
			isa = PBXSourcesBuildPhase;
			buildActionMask = 2147483647;
			files = (
				F5A3FB112AB0E607009BF109 /* FetchService.swift in Sources */,
				F5A3FB1A2AB13538009BF109 /* CRUDService.swift in Sources */,
				F56C6BAA2AA7A8C700EBCDAA /* TabBarItem.swift in Sources */,
				F5E3FF812AA7F1CE006D5668 /* SettingsView.swift in Sources */,
				F56C6BAE2AA7B1D500EBCDAA /* TabBarContainerView.swift in Sources */,
				F52ACA022AA908A9007114EC /* SpeciesSubView.swift in Sources */,
				F5A3FB182AB121C1009BF109 /* NewFishVM.swift in Sources */,
				F5A3FB222AB2450E009BF109 /* ImageManager.swift in Sources */,
				F52AC9F62AA857DB007114EC /* NewFishView.swift in Sources */,
				F5A3FB1C2AB1A24D009BF109 /* EditFishView.swift in Sources */,
				F56C6B9D2AA7A63F00EBCDAA /* MainView.swift in Sources */,
				F5A3FB162AB11BF2009BF109 /* DetailVM.swift in Sources */,
				F5A3FB142AB0E6F1009BF109 /* StubDatabase.swift in Sources */,
				F52ACA002AA9083D007114EC /* BaitSubView.swift in Sources */,
				F5A3FAF72AAFA248009BF109 /* FishDetailView.swift in Sources */,
				F56C6BB02AA7B3EE00EBCDAA /* TabBarItemPreferenceKey.swift in Sources */,
				F56C6BAC2AA7AB6200EBCDAA /* TabBarView.swift in Sources */,
				F5A3FAF12AAEB900009BF109 /* AllFishView.swift in Sources */,
				F5A3FB1E2AB1A9D5009BF109 /* EditSpeciesSubView.swift in Sources */,
				F5E3FF832AA7FB81006D5668 /* SettingsEnums.swift in Sources */,
				F5A3FAFD2AB012D0009BF109 /* UIFishModel.swift in Sources */,
				F51DE0482AA95570000E744D /* StatisticsView.swift in Sources */,
				F56C6BB22AA7CA2B00EBCDAA /* TabBarBackground.swift in Sources */,
				F52AC9FA2AA86BBA007114EC /* NewFishEnums.swift in Sources */,
				F56C6B9B2AA7A63F00EBCDAA /* FishFolioApp.swift in Sources */,
				F5A3FAF52AAFA0D7009BF109 /* FishRowView.swift in Sources */,
				F5A3FB0E2AB02BAA009BF109 /* AllFishVM.swift in Sources */,
				F5A3FB242AB2454E009BF109 /* ImagePicker.swift in Sources */,
				F5A3FAF92AAFEF37009BF109 /* MapAnnotationView.swift in Sources */,
				F5A3FB202AB1AD0D009BF109 /* EditBaitSubView.swift in Sources */,
			);
			runOnlyForDeploymentPostprocessing = 0;
		};
		F5A3FAFE2AB01D16009BF109 /* Sources */ = {
			isa = PBXSourcesBuildPhase;
			buildActionMask = 2147483647;
			files = (
				F5A3FB052AB01D16009BF109 /* AllFishTests.swift in Sources */,
			);
			runOnlyForDeploymentPostprocessing = 0;
		};
/* End PBXSourcesBuildPhase section */

/* Begin PBXTargetDependency section */
		F5A3FB072AB01D16009BF109 /* PBXTargetDependency */ = {
			isa = PBXTargetDependency;
			target = F56C6B962AA7A63F00EBCDAA /* FishFolio */;
			targetProxy = F5A3FB062AB01D16009BF109 /* PBXContainerItemProxy */;
		};
/* End PBXTargetDependency section */

/* Begin XCBuildConfiguration section */
		F56C6BA32AA7A64000EBCDAA /* Debug */ = {
			isa = XCBuildConfiguration;
			buildSettings = {
				ALWAYS_SEARCH_USER_PATHS = NO;
				CLANG_ANALYZER_NONNULL = YES;
				CLANG_ANALYZER_NUMBER_OBJECT_CONVERSION = YES_AGGRESSIVE;
				CLANG_CXX_LANGUAGE_STANDARD = "gnu++20";
				CLANG_ENABLE_MODULES = YES;
				CLANG_ENABLE_OBJC_ARC = YES;
				CLANG_ENABLE_OBJC_WEAK = YES;
				CLANG_WARN_BLOCK_CAPTURE_AUTORELEASING = YES;
				CLANG_WARN_BOOL_CONVERSION = YES;
				CLANG_WARN_COMMA = YES;
				CLANG_WARN_CONSTANT_CONVERSION = YES;
				CLANG_WARN_DEPRECATED_OBJC_IMPLEMENTATIONS = YES;
				CLANG_WARN_DIRECT_OBJC_ISA_USAGE = YES_ERROR;
				CLANG_WARN_DOCUMENTATION_COMMENTS = YES;
				CLANG_WARN_EMPTY_BODY = YES;
				CLANG_WARN_ENUM_CONVERSION = YES;
				CLANG_WARN_INFINITE_RECURSION = YES;
				CLANG_WARN_INT_CONVERSION = YES;
				CLANG_WARN_NON_LITERAL_NULL_CONVERSION = YES;
				CLANG_WARN_OBJC_IMPLICIT_RETAIN_SELF = YES;
				CLANG_WARN_OBJC_LITERAL_CONVERSION = YES;
				CLANG_WARN_OBJC_ROOT_CLASS = YES_ERROR;
				CLANG_WARN_QUOTED_INCLUDE_IN_FRAMEWORK_HEADER = YES;
				CLANG_WARN_RANGE_LOOP_ANALYSIS = YES;
				CLANG_WARN_STRICT_PROTOTYPES = YES;
				CLANG_WARN_SUSPICIOUS_MOVE = YES;
				CLANG_WARN_UNGUARDED_AVAILABILITY = YES_AGGRESSIVE;
				CLANG_WARN_UNREACHABLE_CODE = YES;
				CLANG_WARN__DUPLICATE_METHOD_MATCH = YES;
				COPY_PHASE_STRIP = NO;
				DEBUG_INFORMATION_FORMAT = dwarf;
				ENABLE_STRICT_OBJC_MSGSEND = YES;
				ENABLE_TESTABILITY = YES;
				GCC_C_LANGUAGE_STANDARD = gnu11;
				GCC_DYNAMIC_NO_PIC = NO;
				GCC_NO_COMMON_BLOCKS = YES;
				GCC_OPTIMIZATION_LEVEL = 0;
				GCC_PREPROCESSOR_DEFINITIONS = (
					"DEBUG=1",
					"$(inherited)",
				);
				GCC_WARN_64_TO_32_BIT_CONVERSION = YES;
				GCC_WARN_ABOUT_RETURN_TYPE = YES_ERROR;
				GCC_WARN_UNDECLARED_SELECTOR = YES;
				GCC_WARN_UNINITIALIZED_AUTOS = YES_AGGRESSIVE;
				GCC_WARN_UNUSED_FUNCTION = YES;
				GCC_WARN_UNUSED_VARIABLE = YES;
				IPHONEOS_DEPLOYMENT_TARGET = 16.4;
				MTL_ENABLE_DEBUG_INFO = INCLUDE_SOURCE;
				MTL_FAST_MATH = YES;
				ONLY_ACTIVE_ARCH = YES;
				SDKROOT = iphoneos;
				SWIFT_ACTIVE_COMPILATION_CONDITIONS = DEBUG;
				SWIFT_OPTIMIZATION_LEVEL = "-Onone";
			};
			name = Debug;
		};
		F56C6BA42AA7A64000EBCDAA /* Release */ = {
			isa = XCBuildConfiguration;
			buildSettings = {
				ALWAYS_SEARCH_USER_PATHS = NO;
				CLANG_ANALYZER_NONNULL = YES;
				CLANG_ANALYZER_NUMBER_OBJECT_CONVERSION = YES_AGGRESSIVE;
				CLANG_CXX_LANGUAGE_STANDARD = "gnu++20";
				CLANG_ENABLE_MODULES = YES;
				CLANG_ENABLE_OBJC_ARC = YES;
				CLANG_ENABLE_OBJC_WEAK = YES;
				CLANG_WARN_BLOCK_CAPTURE_AUTORELEASING = YES;
				CLANG_WARN_BOOL_CONVERSION = YES;
				CLANG_WARN_COMMA = YES;
				CLANG_WARN_CONSTANT_CONVERSION = YES;
				CLANG_WARN_DEPRECATED_OBJC_IMPLEMENTATIONS = YES;
				CLANG_WARN_DIRECT_OBJC_ISA_USAGE = YES_ERROR;
				CLANG_WARN_DOCUMENTATION_COMMENTS = YES;
				CLANG_WARN_EMPTY_BODY = YES;
				CLANG_WARN_ENUM_CONVERSION = YES;
				CLANG_WARN_INFINITE_RECURSION = YES;
				CLANG_WARN_INT_CONVERSION = YES;
				CLANG_WARN_NON_LITERAL_NULL_CONVERSION = YES;
				CLANG_WARN_OBJC_IMPLICIT_RETAIN_SELF = YES;
				CLANG_WARN_OBJC_LITERAL_CONVERSION = YES;
				CLANG_WARN_OBJC_ROOT_CLASS = YES_ERROR;
				CLANG_WARN_QUOTED_INCLUDE_IN_FRAMEWORK_HEADER = YES;
				CLANG_WARN_RANGE_LOOP_ANALYSIS = YES;
				CLANG_WARN_STRICT_PROTOTYPES = YES;
				CLANG_WARN_SUSPICIOUS_MOVE = YES;
				CLANG_WARN_UNGUARDED_AVAILABILITY = YES_AGGRESSIVE;
				CLANG_WARN_UNREACHABLE_CODE = YES;
				CLANG_WARN__DUPLICATE_METHOD_MATCH = YES;
				COPY_PHASE_STRIP = NO;
				DEBUG_INFORMATION_FORMAT = "dwarf-with-dsym";
				ENABLE_NS_ASSERTIONS = NO;
				ENABLE_STRICT_OBJC_MSGSEND = YES;
				GCC_C_LANGUAGE_STANDARD = gnu11;
				GCC_NO_COMMON_BLOCKS = YES;
				GCC_WARN_64_TO_32_BIT_CONVERSION = YES;
				GCC_WARN_ABOUT_RETURN_TYPE = YES_ERROR;
				GCC_WARN_UNDECLARED_SELECTOR = YES;
				GCC_WARN_UNINITIALIZED_AUTOS = YES_AGGRESSIVE;
				GCC_WARN_UNUSED_FUNCTION = YES;
				GCC_WARN_UNUSED_VARIABLE = YES;
				IPHONEOS_DEPLOYMENT_TARGET = 16.4;
				MTL_ENABLE_DEBUG_INFO = NO;
				MTL_FAST_MATH = YES;
				SDKROOT = iphoneos;
				SWIFT_COMPILATION_MODE = wholemodule;
				SWIFT_OPTIMIZATION_LEVEL = "-O";
				VALIDATE_PRODUCT = YES;
			};
			name = Release;
		};
		F56C6BA62AA7A64000EBCDAA /* Debug */ = {
			isa = XCBuildConfiguration;
			buildSettings = {
				ASSETCATALOG_COMPILER_APPICON_NAME = AppIcon;
				ASSETCATALOG_COMPILER_GLOBAL_ACCENT_COLOR_NAME = AccentColor;
				CODE_SIGN_STYLE = Automatic;
				CURRENT_PROJECT_VERSION = 1;
				DEVELOPMENT_ASSET_PATHS = "\"FishFolio/Preview Content\"";
				DEVELOPMENT_TEAM = YM5Q6CZ66F;
				ENABLE_PREVIEWS = YES;
				GENERATE_INFOPLIST_FILE = YES;
				INFOPLIST_KEY_NSCameraUsageDescription = "App requires usage of camera.";
				INFOPLIST_KEY_UIApplicationSceneManifest_Generation = YES;
				INFOPLIST_KEY_UIApplicationSupportsIndirectInputEvents = YES;
				INFOPLIST_KEY_UILaunchScreen_Generation = YES;
				INFOPLIST_KEY_UISupportedInterfaceOrientations = UIInterfaceOrientationPortrait;
				LD_RUNPATH_SEARCH_PATHS = (
					"$(inherited)",
					"@executable_path/Frameworks",
				);
				MARKETING_VERSION = 1.0;
				PRODUCT_BUNDLE_IDENTIFIER = com.vladgershun.FishFolio;
				PRODUCT_NAME = "$(TARGET_NAME)";
				SWIFT_EMIT_LOC_STRINGS = YES;
				SWIFT_VERSION = 5.0;
				TARGETED_DEVICE_FAMILY = "1,2";
			};
			name = Debug;
		};
		F56C6BA72AA7A64000EBCDAA /* Release */ = {
			isa = XCBuildConfiguration;
			buildSettings = {
				ASSETCATALOG_COMPILER_APPICON_NAME = AppIcon;
				ASSETCATALOG_COMPILER_GLOBAL_ACCENT_COLOR_NAME = AccentColor;
				CODE_SIGN_STYLE = Automatic;
				CURRENT_PROJECT_VERSION = 1;
				DEVELOPMENT_ASSET_PATHS = "\"FishFolio/Preview Content\"";
				DEVELOPMENT_TEAM = YM5Q6CZ66F;
				ENABLE_PREVIEWS = YES;
				GENERATE_INFOPLIST_FILE = YES;
				INFOPLIST_KEY_NSCameraUsageDescription = "App requires usage of camera.";
				INFOPLIST_KEY_UIApplicationSceneManifest_Generation = YES;
				INFOPLIST_KEY_UIApplicationSupportsIndirectInputEvents = YES;
				INFOPLIST_KEY_UILaunchScreen_Generation = YES;
				INFOPLIST_KEY_UISupportedInterfaceOrientations = UIInterfaceOrientationPortrait;
				LD_RUNPATH_SEARCH_PATHS = (
					"$(inherited)",
					"@executable_path/Frameworks",
				);
				MARKETING_VERSION = 1.0;
				PRODUCT_BUNDLE_IDENTIFIER = com.vladgershun.FishFolio;
				PRODUCT_NAME = "$(TARGET_NAME)";
				SWIFT_EMIT_LOC_STRINGS = YES;
				SWIFT_VERSION = 5.0;
				TARGETED_DEVICE_FAMILY = "1,2";
			};
			name = Release;
		};
		F5A3FB082AB01D16009BF109 /* Debug */ = {
			isa = XCBuildConfiguration;
			buildSettings = {
				BUNDLE_LOADER = "$(TEST_HOST)";
				CODE_SIGN_STYLE = Automatic;
				CURRENT_PROJECT_VERSION = 1;
				DEVELOPMENT_TEAM = YM5Q6CZ66F;
				GENERATE_INFOPLIST_FILE = YES;
				INFOPLIST_KEY_NSCameraUsageDescription = "App requires usage of camera";
				MARKETING_VERSION = 1.0;
				PRODUCT_BUNDLE_IDENTIFIER = com.vladgershun.FishFolioTests;
				PRODUCT_NAME = "$(TARGET_NAME)";
				SWIFT_EMIT_LOC_STRINGS = NO;
				SWIFT_VERSION = 5.0;
				TARGETED_DEVICE_FAMILY = "1,2";
				TEST_HOST = "$(BUILT_PRODUCTS_DIR)/FishFolio.app/$(BUNDLE_EXECUTABLE_FOLDER_PATH)/FishFolio";
			};
			name = Debug;
		};
		F5A3FB092AB01D16009BF109 /* Release */ = {
			isa = XCBuildConfiguration;
			buildSettings = {
				BUNDLE_LOADER = "$(TEST_HOST)";
				CODE_SIGN_STYLE = Automatic;
				CURRENT_PROJECT_VERSION = 1;
				DEVELOPMENT_TEAM = YM5Q6CZ66F;
				GENERATE_INFOPLIST_FILE = YES;
				INFOPLIST_KEY_NSCameraUsageDescription = "App requires usage of camera";
				MARKETING_VERSION = 1.0;
				PRODUCT_BUNDLE_IDENTIFIER = com.vladgershun.FishFolioTests;
				PRODUCT_NAME = "$(TARGET_NAME)";
				SWIFT_EMIT_LOC_STRINGS = NO;
				SWIFT_VERSION = 5.0;
				TARGETED_DEVICE_FAMILY = "1,2";
				TEST_HOST = "$(BUILT_PRODUCTS_DIR)/FishFolio.app/$(BUNDLE_EXECUTABLE_FOLDER_PATH)/FishFolio";
			};
			name = Release;
		};
/* End XCBuildConfiguration section */

/* Begin XCConfigurationList section */
		F56C6B922AA7A63F00EBCDAA /* Build configuration list for PBXProject "FishFolio" */ = {
			isa = XCConfigurationList;
			buildConfigurations = (
				F56C6BA32AA7A64000EBCDAA /* Debug */,
				F56C6BA42AA7A64000EBCDAA /* Release */,
			);
			defaultConfigurationIsVisible = 0;
			defaultConfigurationName = Release;
		};
		F56C6BA52AA7A64000EBCDAA /* Build configuration list for PBXNativeTarget "FishFolio" */ = {
			isa = XCConfigurationList;
			buildConfigurations = (
				F56C6BA62AA7A64000EBCDAA /* Debug */,
				F56C6BA72AA7A64000EBCDAA /* Release */,
			);
			defaultConfigurationIsVisible = 0;
			defaultConfigurationName = Release;
		};
		F5A3FB0A2AB01D16009BF109 /* Build configuration list for PBXNativeTarget "FishFolioTests" */ = {
			isa = XCConfigurationList;
			buildConfigurations = (
				F5A3FB082AB01D16009BF109 /* Debug */,
				F5A3FB092AB01D16009BF109 /* Release */,
			);
			defaultConfigurationIsVisible = 0;
			defaultConfigurationName = Release;
		};
/* End XCConfigurationList section */
	};
	rootObject = F56C6B8F2AA7A63F00EBCDAA /* Project object */;
}
